
Microsoft Visual Studio Solution File, Format Version 12.00
# Visual Studio Version 17
VisualStudioVersion = 17.1.32414.318
MinimumVisualStudioVersion = 10.0.40219.1
Project("{FAE04EC0-301F-11D3-BF4B-00C04F79EFBC}") = "Aula1.Android", "Aula1\Aula1.Android\Aula1.Android.csproj", "{2CB4A740-799C-4C20-8989-CF2F7A365B92}"
EndProject
Project("{FAE04EC0-301F-11D3-BF4B-00C04F79EFBC}") = "Aula1.iOS", "Aula1\Aula1.iOS\Aula1.iOS.csproj", "{E7D00C44-835E-4111-AC23-6BDAC0DF1752}"
EndProject
Project("{FAE04EC0-301F-11D3-BF4B-00C04F79EFBC}") = "Aula1", "Aula1\Aula1\Aula1.csproj", "{74724828-4F58-4D9E-B248-B94885B62471}"
EndProject
Global
	GlobalSection(SolutionConfigurationPlatforms) = preSolution
		Debug|Any CPU = Debug|Any CPU
		Debug|iPhone = Debug|iPhone
		Debug|iPhoneSimulator = Debug|iPhoneSimulator
		Release|Any CPU = Release|Any CPU
		Release|iPhone = Release|iPhone
		Release|iPhoneSimulator = Release|iPhoneSimulator
	EndGlobalSection
	GlobalSection(ProjectConfigurationPlatforms) = postSolution
		{2CB4A740-799C-4C20-8989-CF2F7A365B92}.Debug|Any CPU.ActiveCfg = Debug|Any CPU
		{2CB4A740-799C-4C20-8989-CF2F7A365B92}.Debug|Any CPU.Build.0 = Debug|Any CPU
		{2CB4A740-799C-4C20-8989-CF2F7A365B92}.Debug|Any CPU.Deploy.0 = Debug|Any CPU
		{2CB4A740-799C-4C20-8989-CF2F7A365B92}.Debug|iPhone.ActiveCfg = Debug|Any CPU
		{2CB4A740-799C-4C20-8989-CF2F7A365B92}.Debug|iPhone.Build.0 = Debug|Any CPU
		{2CB4A740-799C-4C20-8989-CF2F7A365B92}.Debug|iPhone.Deploy.0 = Debug|Any CPU
		{2CB4A740-799C-4C20-8989-CF2F7A365B92}.Debug|iPhoneSimulator.ActiveCfg = Debug|Any CPU
		{2CB4A740-799C-4C20-8989-CF2F7A365B92}.Debug|iPhoneSimulator.Build.0 = Debug|Any CPU
		{2CB4A740-799C-4C20-8989-CF2F7A365B92}.Debug|iPhoneSimulator.Deploy.0 = Debug|Any CPU
		{2CB4A740-799C-4C20-8989-CF2F7A365B92}.Release|Any CPU.ActiveCfg = Release|Any CPU
		{2CB4A740-799C-4C20-8989-CF2F7A365B92}.Release|Any CPU.Build.0 = Release|Any CPU
		{2CB4A740-799C-4C20-8989-CF2F7A365B92}.Release|Any CPU.Deploy.0 = Release|Any CPU
		{2CB4A740-799C-4C20-8989-CF2F7A365B92}.Release|iPhone.ActiveCfg = Release|Any CPU
		{2CB4A740-799C-4C20-8989-CF2F7A365B92}.Release|iPhone.Build.0 = Release|Any CPU
		{2CB4A740-799C-4C20-8989-CF2F7A365B92}.Release|iPhone.Deploy.0 = Release|Any CPU
		{2CB4A740-799C-4C20-8989-CF2F7A365B92}.Release|iPhoneSimulator.ActiveCfg = Release|Any CPU
		{2CB4A740-799C-4C20-8989-CF2F7A365B92}.Release|iPhoneSimulator.Build.0 = Release|Any CPU
		{2CB4A740-799C-4C20-8989-CF2F7A365B92}.Release|iPhoneSimulator.Deploy.0 = Release|Any CPU
		{E7D00C44-835E-4111-AC23-6BDAC0DF1752}.Debug|Any CPU.ActiveCfg = Debug|iPhone
		{E7D00C44-835E-4111-AC23-6BDAC0DF1752}.Debug|Any CPU.Build.0 = Debug|iPhone
		{E7D00C44-835E-4111-AC23-6BDAC0DF1752}.Debug|Any CPU.Deploy.0 = Debug|iPhone
		{E7D00C44-835E-4111-AC23-6BDAC0DF1752}.Debug|iPhone.ActiveCfg = Debug|iPhone
		{E7D00C44-835E-4111-AC23-6BDAC0DF1752}.Debug|iPhone.Build.0 = Debug|iPhone
		{E7D00C44-835E-4111-AC23-6BDAC0DF1752}.Debug|iPhone.Deploy.0 = Debug|iPhone
		{E7D00C44-835E-4111-AC23-6BDAC0DF1752}.Debug|iPhoneSimulator.ActiveCfg = Debug|iPhoneSimulator
		{E7D00C44-835E-4111-AC23-6BDAC0DF1752}.Debug|iPhoneSimulator.Build.0 = Debug|iPhoneSimulator
		{E7D00C44-835E-4111-AC23-6BDAC0DF1752}.Debug|iPhoneSimulator.Deploy.0 = Debug|iPhoneSimulator
		{E7D00C44-835E-4111-AC23-6BDAC0DF1752}.Release|Any CPU.ActiveCfg = Release|iPhoneSimulator
		{E7D00C44-835E-4111-AC23-6BDAC0DF1752}.Release|Any CPU.Build.0 = Release|iPhoneSimulator
		{E7D00C44-835E-4111-AC23-6BDAC0DF1752}.Release|Any CPU.Deploy.0 = Release|iPhoneSimulator
		{E7D00C44-835E-4111-AC23-6BDAC0DF1752}.Release|iPhone.ActiveCfg = Release|iPhone
		{E7D00C44-835E-4111-AC23-6BDAC0DF1752}.Release|iPhone.Build.0 = Release|iPhone
		{E7D00C44-835E-4111-AC23-6BDAC0DF1752}.Release|iPhone.Deploy.0 = Release|iPhone
		{E7D00C44-835E-4111-AC23-6BDAC0DF1752}.Release|iPhoneSimulator.ActiveCfg = Release|iPhoneSimulator
		{E7D00C44-835E-4111-AC23-6BDAC0DF1752}.Release|iPhoneSimulator.Build.0 = Release|iPhoneSimulator
		{E7D00C44-835E-4111-AC23-6BDAC0DF1752}.Release|iPhoneSimulator.Deploy.0 = Release|iPhoneSimulator
		{74724828-4F58-4D9E-B248-B94885B62471}.Debug|Any CPU.ActiveCfg = Debug|Any CPU
		{74724828-4F58-4D9E-B248-B94885B62471}.Debug|Any CPU.Build.0 = Debug|Any CPU
		{74724828-4F58-4D9E-B248-B94885B62471}.Debug|Any CPU.Deploy.0 = Debug|Any CPU
		{74724828-4F58-4D9E-B248-B94885B62471}.Debug|iPhone.ActiveCfg = Debug|Any CPU
		{74724828-4F58-4D9E-B248-B94885B62471}.Debug|iPhone.Build.0 = Debug|Any CPU
		{74724828-4F58-4D9E-B248-B94885B62471}.Debug|iPhone.Deploy.0 = Debug|Any CPU
		{74724828-4F58-4D9E-B248-B94885B62471}.Debug|iPhoneSimulator.ActiveCfg = Debug|Any CPU
		{74724828-4F58-4D9E-B248-B94885B62471}.Debug|iPhoneSimulator.Build.0 = Debug|Any CPU
		{74724828-4F58-4D9E-B248-B94885B62471}.Debug|iPhoneSimulator.Deploy.0 = Debug|Any CPU
		{74724828-4F58-4D9E-B248-B94885B62471}.Release|Any CPU.ActiveCfg = Release|Any CPU
		{74724828-4F58-4D9E-B248-B94885B62471}.Release|Any CPU.Build.0 = Release|Any CPU
		{74724828-4F58-4D9E-B248-B94885B62471}.Release|Any CPU.Deploy.0 = Release|Any CPU
		{74724828-4F58-4D9E-B248-B94885B62471}.Release|iPhone.ActiveCfg = Release|Any CPU
		{74724828-4F58-4D9E-B248-B94885B62471}.Release|iPhone.Build.0 = Release|Any CPU
		{74724828-4F58-4D9E-B248-B94885B62471}.Release|iPhone.Deploy.0 = Release|Any CPU
		{74724828-4F58-4D9E-B248-B94885B62471}.Release|iPhoneSimulator.ActiveCfg = Release|Any CPU
		{74724828-4F58-4D9E-B248-B94885B62471}.Release|iPhoneSimulator.Build.0 = Release|Any CPU
		{74724828-4F58-4D9E-B248-B94885B62471}.Release|iPhoneSimulator.Deploy.0 = Release|Any CPU
	EndGlobalSection
	GlobalSection(SolutionProperties) = preSolution
		HideSolutionNode = FALSE
	EndGlobalSection
	GlobalSection(ExtensibilityGlobals) = postSolution
		SolutionGuid = {7084DD55-C008-4D3E-885D-0F22D217985E}
	EndGlobalSection
EndGlobal
